
Microsoft Visual Studio Solution File, Format Version 12.00
# Visual Studio Version 17
VisualStudioVersion = 17.0.31808.319
MinimumVisualStudioVersion = 10.0.40219.1
Project("{9A19103F-16F7-4668-BE54-9A1E7A4F7556}") = "ADO.Tool", "ADO.Tool.csproj", "{91882875-B59A-4E81-A845-FAADF695AF40}"
EndProject
Global
	GlobalSection(SolutionConfigurationPlatforms) = preSolution
		Debug|Any CPU = Debug|Any CPU
		Release|Any CPU = Release|Any CPU
	EndGlobalSection
	GlobalSection(ProjectConfigurationPlatforms) = postSolution
		{91882875-B59A-4E81-A845-FAADF695AF40}.Debug|Any CPU.ActiveCfg = Debug|Any CPU
		{91882875-B59A-4E81-A845-FAADF695AF40}.Debug|Any CPU.Build.0 = Debug|Any CPU
		{91882875-B59A-4E81-A845-FAADF695AF40}.Release|Any CPU.ActiveCfg = Release|Any CPU
		{91882875-B59A-4E81-A845-FAADF695AF40}.Release|Any CPU.Build.0 = Release|Any CPU
	EndGlobalSection
	GlobalSection(SolutionProperties) = preSolution
		HideSolutionNode = FALSE
	EndGlobalSection
	GlobalSection(ExtensibilityGlobals) = postSolution
		SolutionGuid = {BC45BCFD-004B-4EA0-8C77-1505FBFAB4D0}
	EndGlobalSection
EndGlobal
